
Microsoft Visual Studio Solution File, Format Version 12.00
# Visual Studio Version 16
VisualStudioVersion = 16.0.28803.156
MinimumVisualStudioVersion = 10.0.40219.1
Project("{9A19103F-16F7-4668-BE54-9A1E7A4F7556}") = "WebAPI_Validador_Numeros", "WebAPI_Validador_Numeros\WebAPI_Validador_Numeros.csproj", "{1E8ED882-910D-4F11-BC46-F02FA37F7011}"
EndProject
Project("{9A19103F-16F7-4668-BE54-9A1E7A4F7556}") = "Console_Validador_Numeros", "Console_Validador_Numeros\Console_Validador_Numeros.csproj", "{4AE369DB-45CB-4828-B0CD-F1D44A2E8477}"
EndProject
Project("{9A19103F-16F7-4668-BE54-9A1E7A4F7556}") = "Classes_Projeto", "Classes_Projeto\Classes_Projeto.csproj", "{3C6061AC-1BE2-4BC5-93AE-4F311F43BBBB}"
EndProject
Project("{FAE04EC0-301F-11D3-BF4B-00C04F79EFBC}") = "TemplateApplication", "TemplateApplication\TemplateApplication.csproj", "{D81B6662-49EF-4F63-AF27-58B2EA67843E}"
EndProject
Project("{FAE04EC0-301F-11D3-BF4B-00C04F79EFBC}") = "IoC", "IoC\IoC.csproj", "{234667F4-5096-4156-AB05-F7838F714C0D}"
EndProject
Global
	GlobalSection(SolutionConfigurationPlatforms) = preSolution
		Debug|Any CPU = Debug|Any CPU
		Release|Any CPU = Release|Any CPU
	EndGlobalSection
	GlobalSection(ProjectConfigurationPlatforms) = postSolution
		{1E8ED882-910D-4F11-BC46-F02FA37F7011}.Debug|Any CPU.ActiveCfg = Debug|Any CPU
		{1E8ED882-910D-4F11-BC46-F02FA37F7011}.Debug|Any CPU.Build.0 = Debug|Any CPU
		{1E8ED882-910D-4F11-BC46-F02FA37F7011}.Release|Any CPU.ActiveCfg = Release|Any CPU
		{1E8ED882-910D-4F11-BC46-F02FA37F7011}.Release|Any CPU.Build.0 = Release|Any CPU
		{4AE369DB-45CB-4828-B0CD-F1D44A2E8477}.Debug|Any CPU.ActiveCfg = Debug|Any CPU
		{4AE369DB-45CB-4828-B0CD-F1D44A2E8477}.Debug|Any CPU.Build.0 = Debug|Any CPU
		{4AE369DB-45CB-4828-B0CD-F1D44A2E8477}.Release|Any CPU.ActiveCfg = Release|Any CPU
		{4AE369DB-45CB-4828-B0CD-F1D44A2E8477}.Release|Any CPU.Build.0 = Release|Any CPU
		{3C6061AC-1BE2-4BC5-93AE-4F311F43BBBB}.Debug|Any CPU.ActiveCfg = Debug|Any CPU
		{3C6061AC-1BE2-4BC5-93AE-4F311F43BBBB}.Debug|Any CPU.Build.0 = Debug|Any CPU
		{3C6061AC-1BE2-4BC5-93AE-4F311F43BBBB}.Release|Any CPU.ActiveCfg = Release|Any CPU
		{3C6061AC-1BE2-4BC5-93AE-4F311F43BBBB}.Release|Any CPU.Build.0 = Release|Any CPU
		{D81B6662-49EF-4F63-AF27-58B2EA67843E}.Debug|Any CPU.ActiveCfg = Debug|Any CPU
		{D81B6662-49EF-4F63-AF27-58B2EA67843E}.Debug|Any CPU.Build.0 = Debug|Any CPU
		{D81B6662-49EF-4F63-AF27-58B2EA67843E}.Release|Any CPU.ActiveCfg = Release|Any CPU
		{D81B6662-49EF-4F63-AF27-58B2EA67843E}.Release|Any CPU.Build.0 = Release|Any CPU
		{234667F4-5096-4156-AB05-F7838F714C0D}.Debug|Any CPU.ActiveCfg = Debug|Any CPU
		{234667F4-5096-4156-AB05-F7838F714C0D}.Debug|Any CPU.Build.0 = Debug|Any CPU
		{234667F4-5096-4156-AB05-F7838F714C0D}.Release|Any CPU.ActiveCfg = Release|Any CPU
		{234667F4-5096-4156-AB05-F7838F714C0D}.Release|Any CPU.Build.0 = Release|Any CPU
	EndGlobalSection
	GlobalSection(SolutionProperties) = preSolution
		HideSolutionNode = FALSE
	EndGlobalSection
	GlobalSection(ExtensibilityGlobals) = postSolution
		SolutionGuid = {B1C13A68-7480-4D1B-894F-42D7B1585040}
	EndGlobalSection
EndGlobal
